{
  "requires": true,
  "lockfileVersion": 1,
  "dependencies": {
    "bower": {
      "version": "1.8.4",
      "resolved": "https://registry.npmjs.org/bower/-/bower-1.8.4.tgz",
      "integrity": "sha1-54dqB23rgTf30GUl3F6MZtuC8oo="
    },
    "ng2-datetime-picker": {
      "version": "0.15.1",
      "resolved": "https://registry.npmjs.org/ng2-datetime-picker/-/ng2-datetime-picker-0.15.1.tgz",
      "integrity": "sha1-ILqW9M+a65+RUfylWas4SZfZfzI="
    }
  }
}
